
Microsoft Visual Studio Solution File, Format Version 12.00
# Visual Studio 15
Project("{FAE04EC0-301F-11D3-BF4B-00C04F79EFBC}") = "Assembly-CSharp", "Assembly-CSharp.csproj", "{DEC7FE87-4613-F89C-C8C2-D4F2D509662A}"
EndProject
Global
	GlobalSection(SolutionConfigurationPlatforms) = preSolution
		Debug|Any CPU = Debug|Any CPU
		Release|Any CPU = Release|Any CPU
	EndGlobalSection
	GlobalSection(ProjectConfigurationPlatforms) = postSolution
		{DEC7FE87-4613-F89C-C8C2-D4F2D509662A}.Debug|Any CPU.ActiveCfg = Debug|Any CPU
		{DEC7FE87-4613-F89C-C8C2-D4F2D509662A}.Debug|Any CPU.Build.0 = Debug|Any CPU
		{DEC7FE87-4613-F89C-C8C2-D4F2D509662A}.Release|Any CPU.ActiveCfg = Release|Any CPU
		{DEC7FE87-4613-F89C-C8C2-D4F2D509662A}.Release|Any CPU.Build.0 = Release|Any CPU
	EndGlobalSection
	GlobalSection(SolutionProperties) = preSolution
		HideSolutionNode = FALSE
	EndGlobalSection
EndGlobal
